
Microsoft Visual Studio Solution File, Format Version 12.00
# Visual Studio 15
VisualStudioVersion = 15.0.28307.572
MinimumVisualStudioVersion = 10.0.40219.1
Project("{888888A0-9F3D-457C-B088-3A5042F75D52}") = "PiClock", "PiClock.pyproj", "{855D9054-22EF-4262-8BFD-89DF09875637}"
EndProject
Global
	GlobalSection(SolutionConfigurationPlatforms) = preSolution
		Debug|Any CPU = Debug|Any CPU
		Release|Any CPU = Release|Any CPU
	EndGlobalSection
	GlobalSection(ProjectConfigurationPlatforms) = postSolution
		{855D9054-22EF-4262-8BFD-89DF09875637}.Debug|Any CPU.ActiveCfg = Debug|Any CPU
		{855D9054-22EF-4262-8BFD-89DF09875637}.Release|Any CPU.ActiveCfg = Release|Any CPU
	EndGlobalSection
	GlobalSection(SolutionProperties) = preSolution
		HideSolutionNode = FALSE
	EndGlobalSection
	GlobalSection(ExtensibilityGlobals) = postSolution
		SolutionGuid = {3D0AD4C2-4D4E-4944-B15D-D9C6185B1CBE}
	EndGlobalSection
EndGlobal
